// !$*UTF8*$!
{
	archiveVersion = 1;
	classes = {
	};
	objectVersion = 46;
	objects = {

/* Begin PBXBuildFile section */
		84DCD76C1D6BF90A0025B0F1 /* main.m in Sources */ = {isa = PBXBuildFile; fileRef = 84DCD76B1D6BF90A0025B0F1 /* main.m */; };
		84DCD76F1D6BF90A0025B0F1 /* AppDelegate.m in Sources */ = {isa = PBXBuildFile; fileRef = 84DCD76E1D6BF90A0025B0F1 /* AppDelegate.m */; };
		84DCD7721D6BF90A0025B0F1 /* ViewController.m in Sources */ = {isa = PBXBuildFile; fileRef = 84DCD7711D6BF90A0025B0F1 /* ViewController.m */; };
		84DCD7751D6BF90A0025B0F1 /* Main.storyboard in Resources */ = {isa = PBXBuildFile; fileRef = 84DCD7731D6BF90A0025B0F1 /* Main.storyboard */; };
		84DCD7771D6BF90A0025B0F1 /* Images.xcassets in Resources */ = {isa = PBXBuildFile; fileRef = 84DCD7761D6BF90A0025B0F1 /* Images.xcassets */; };
		84DCD77A1D6BF90A0025B0F1 /* LaunchScreen.xib in Resources */ = {isa = PBXBuildFile; fileRef = 84DCD7781D6BF90A0025B0F1 /* LaunchScreen.xib */; };
		84DCD7861D6BF90A0025B0F1 /* WLQStatusBarHUDExampleTests.m in Sources */ = {isa = PBXBuildFile; fileRef = 84DCD7851D6BF90A0025B0F1 /* WLQStatusBarHUDExampleTests.m */; };
		84DCD7951D6BFA240025B0F1 /* WLQStatusBarHUD.bundle in Resources */ = {isa = PBXBuildFile; fileRef = 84DCD7921D6BFA240025B0F1 /* WLQStatusBarHUD.bundle */; };
		84DCD7961D6BFA240025B0F1 /* WLQStatusBarHUD.m in Sources */ = {isa = PBXBuildFile; fileRef = 84DCD7941D6BFA240025B0F1 /* WLQStatusBarHUD.m */; };
/* End PBXBuildFile section */

/* Begin PBXContainerItemProxy section */
		84DCD7801D6BF90A0025B0F1 /* PBXContainerItemProxy */ = {
			isa = PBXContainerItemProxy;
			containerPortal = 84DCD75E1D6BF90A0025B0F1 /* Project object */;
			proxyType = 1;
			remoteGlobalIDString = 84DCD7651D6BF90A0025B0F1;
			remoteInfo = WLQStatusBarHUDExample;
		};
/* End PBXContainerItemProxy section */

/* Begin PBXFileReference section */
		84DCD7661D6BF90A0025B0F1 /* WLQStatusBarHUDExample.app */ = {isa = PBXFileReference; explicitFileType = wrapper.application; includeInIndex = 0; path = WLQStatusBarHUDExample.app; sourceTree = BUILT_PRODUCTS_DIR; };
		84DCD76A1D6BF90A0025B0F1 /* Info.plist */ = {isa = PBXFileReference; lastKnownFileType = text.plist.xml; path = Info.plist; sourceTree = "<group>"; };
		84DCD76B1D6BF90A0025B0F1 /* main.m */ = {isa = PBXFileReference; lastKnownFileType = sourcecode.c.objc; path = main.m; sourceTree = "<group>"; };
		84DCD76D1D6BF90A0025B0F1 /* AppDelegate.h */ = {isa = PBXFileReference; lastKnownFileType = sourcecode.c.h; path = AppDelegate.h; sourceTree = "<group>"; };
		84DCD76E1D6BF90A0025B0F1 /* AppDelegate.m */ = {isa = PBXFileReference; lastKnownFileType = sourcecode.c.objc; path = AppDelegate.m; sourceTree = "<group>"; };
		84DCD7701D6BF90A0025B0F1 /* ViewController.h */ = {isa = PBXFileReference; lastKnownFileType = sourcecode.c.h; path = ViewController.h; sourceTree = "<group>"; };
		84DCD7711D6BF90A0025B0F1 /* ViewController.m */ = {isa = PBXFileReference; lastKnownFileType = sourcecode.c.objc; path = ViewController.m; sourceTree = "<group>"; };
		84DCD7741D6BF90A0025B0F1 /* Base */ = {isa = PBXFileReference; lastKnownFileType = file.storyboard; name = Base; path = Base.lproj/Main.storyboard; sourceTree = "<group>"; };
		84DCD7761D6BF90A0025B0F1 /* Images.xcassets */ = {isa = PBXFileReference; lastKnownFileType = folder.assetcatalog; path = Images.xcassets; sourceTree = "<group>"; };
		84DCD7791D6BF90A0025B0F1 /* Base */ = {isa = PBXFileReference; lastKnownFileType = file.xib; name = Base; path = Base.lproj/LaunchScreen.xib; sourceTree = "<group>"; };
		84DCD77F1D6BF90A0025B0F1 /* WLQStatusBarHUDExampleTests.xctest */ = {isa = PBXFileReference; explicitFileType = wrapper.cfbundle; includeInIndex = 0; path = WLQStatusBarHUDExampleTests.xctest; sourceTree = BUILT_PRODUCTS_DIR; };
		84DCD7841D6BF90A0025B0F1 /* Info.plist */ = {isa = PBXFileReference; lastKnownFileType = text.plist.xml; path = Info.plist; sourceTree = "<group>"; };
		84DCD7851D6BF90A0025B0F1 /* WLQStatusBarHUDExampleTests.m */ = {isa = PBXFileReference; lastKnownFileType = sourcecode.c.objc; path = WLQStatusBarHUDExampleTests.m; sourceTree = "<group>"; };
		84DCD7921D6BFA240025B0F1 /* WLQStatusBarHUD.bundle */ = {isa = PBXFileReference; lastKnownFileType = "wrapper.plug-in"; path = WLQStatusBarHUD.bundle; sourceTree = "<group>"; };
		84DCD7931D6BFA240025B0F1 /* WLQStatusBarHUD.h */ = {isa = PBXFileReference; fileEncoding = 4; lastKnownFileType = sourcecode.c.h; path = WLQStatusBarHUD.h; sourceTree = "<group>"; };
		84DCD7941D6BFA240025B0F1 /* WLQStatusBarHUD.m */ = {isa = PBXFileReference; fileEncoding = 4; lastKnownFileType = sourcecode.c.objc; path = WLQStatusBarHUD.m; sourceTree = "<group>"; };
/* End PBXFileReference section */

/* Begin PBXFrameworksBuildPhase section */
		84DCD7631D6BF90A0025B0F1 /* Frameworks */ = {
			isa = PBXFrameworksBuildPhase;
			buildActionMask = 2147483647;
			files = (
			);
			runOnlyForDeploymentPostprocessing = 0;
		};
		84DCD77C1D6BF90A0025B0F1 /* Frameworks */ = {
			isa = PBXFrameworksBuildPhase;
			buildActionMask = 2147483647;
			files = (
			);
			runOnlyForDeploymentPostprocessing = 0;
		};
/* End PBXFrameworksBuildPhase section */

/* Begin PBXGroup section */
		84DCD75D1D6BF90A0025B0F1 = {
			isa = PBXGroup;
			children = (
				84DCD7681D6BF90A0025B0F1 /* WLQStatusBarHUDExample */,
				84DCD7821D6BF90A0025B0F1 /* WLQStatusBarHUDExampleTests */,
				84DCD7671D6BF90A0025B0F1 /* Products */,
			);
			sourceTree = "<group>";
		};
		84DCD7671D6BF90A0025B0F1 /* Products */ = {
			isa = PBXGroup;
			children = (
				84DCD7661D6BF90A0025B0F1 /* WLQStatusBarHUDExample.app */,
				84DCD77F1D6BF90A0025B0F1 /* WLQStatusBarHUDExampleTests.xctest */,
			);
			name = Products;
			sourceTree = "<group>";
		};
		84DCD7681D6BF90A0025B0F1 /* WLQStatusBarHUDExample */ = {
			isa = PBXGroup;
			children = (
				84DCD7911D6BFA240025B0F1 /* WLQStatusBarHUD */,
				84DCD76D1D6BF90A0025B0F1 /* AppDelegate.h */,
				84DCD76E1D6BF90A0025B0F1 /* AppDelegate.m */,
				84DCD7701D6BF90A0025B0F1 /* ViewController.h */,
				84DCD7711D6BF90A0025B0F1 /* ViewController.m */,
				84DCD7731D6BF90A0025B0F1 /* Main.storyboard */,
				84DCD7761D6BF90A0025B0F1 /* Images.xcassets */,
				84DCD7781D6BF90A0025B0F1 /* LaunchScreen.xib */,
				84DCD7691D6BF90A0025B0F1 /* Supporting Files */,
			);
			path = WLQStatusBarHUDExample;
			sourceTree = "<group>";
		};
		84DCD7691D6BF90A0025B0F1 /* Supporting Files */ = {
			isa = PBXGroup;
			children = (
				84DCD76A1D6BF90A0025B0F1 /* Info.plist */,
				84DCD76B1D6BF90A0025B0F1 /* main.m */,
			);
			name = "Supporting Files";
			sourceTree = "<group>";
		};
		84DCD7821D6BF90A0025B0F1 /* WLQStatusBarHUDExampleTests */ = {
			isa = PBXGroup;
			children = (
				84DCD7851D6BF90A0025B0F1 /* WLQStatusBarHUDExampleTests.m */,
				84DCD7831D6BF90A0025B0F1 /* Supporting Files */,
			);
			path = WLQStatusBarHUDExampleTests;
			sourceTree = "<group>";
		};
		84DCD7831D6BF90A0025B0F1 /* Supporting Files */ = {
			isa = PBXGroup;
			children = (
				84DCD7841D6BF90A0025B0F1 /* Info.plist */,
			);
			name = "Supporting Files";
			sourceTree = "<group>";
		};
		84DCD7911D6BFA240025B0F1 /* WLQStatusBarHUD */ = {
			isa = PBXGroup;
			children = (
				84DCD7921D6BFA240025B0F1 /* WLQStatusBarHUD.bundle */,
				84DCD7931D6BFA240025B0F1 /* WLQStatusBarHUD.h */,
				84DCD7941D6BFA240025B0F1 /* WLQStatusBarHUD.m */,
			);
			name = WLQStatusBarHUD;
			path = ../../WLQStatusBarHUD;
			sourceTree = "<group>";
		};
/* End PBXGroup section */

/* Begin PBXNativeTarget section */
		84DCD7651D6BF90A0025B0F1 /* WLQStatusBarHUDExample */ = {
			isa = PBXNativeTarget;
			buildConfigurationList = 84DCD7891D6BF90A0025B0F1 /* Build configuration list for PBXNativeTarget "WLQStatusBarHUDExample" */;
			buildPhases = (
				84DCD7621D6BF90A0025B0F1 /* Sources */,
				84DCD7631D6BF90A0025B0F1 /* Frameworks */,
				84DCD7641D6BF90A0025B0F1 /* Resources */,
			);
			buildRules = (
			);
			dependencies = (
			);
			name = WLQStatusBarHUDExample;
			productName = WLQStatusBarHUDExample;
			productReference = 84DCD7661D6BF90A0025B0F1 /* WLQStatusBarHUDExample.app */;
			productType = "com.apple.product-type.application";
		};
		84DCD77E1D6BF90A0025B0F1 /* WLQStatusBarHUDExampleTests */ = {
			isa = PBXNativeTarget;
			buildConfigurationList = 84DCD78C1D6BF90A0025B0F1 /* Build configuration list for PBXNativeTarget "WLQStatusBarHUDExampleTests" */;
			buildPhases = (
				84DCD77B1D6BF90A0025B0F1 /* Sources */,
				84DCD77C1D6BF90A0025B0F1 /* Frameworks */,
				84DCD77D1D6BF90A0025B0F1 /* Resources */,
			);
			buildRules = (
			);
			dependencies = (
				84DCD7811D6BF90A0025B0F1 /* PBXTargetDependency */,
			);
			name = WLQStatusBarHUDExampleTests;
			productName = WLQStatusBarHUDExampleTests;
			productReference = 84DCD77F1D6BF90A0025B0F1 /* WLQStatusBarHUDExampleTests.xctest */;
			productType = "com.apple.product-type.bundle.unit-test";
		};
/* End PBXNativeTarget section */

/* Begin PBXProject section */
		84DCD75E1D6BF90A0025B0F1 /* Project object */ = {
			isa = PBXProject;
			attributes = {
				LastUpgradeCheck = 0630;
				ORGANIZATIONNAME = WLQ;
				TargetAttributes = {
					84DCD7651D6BF90A0025B0F1 = {
						CreatedOnToolsVersion = 6.3;
					};
					84DCD77E1D6BF90A0025B0F1 = {
						CreatedOnToolsVersion = 6.3;
						TestTargetID = 84DCD7651D6BF90A0025B0F1;
					};
				};
			};
			buildConfigurationList = 84DCD7611D6BF90A0025B0F1 /* Build configuration list for PBXProject "WLQStatusBarHUDExample" */;
			compatibilityVersion = "Xcode 3.2";
			developmentRegion = English;
			hasScannedForEncodings = 0;
			knownRegions = (
				en,
				Base,
			);
			mainGroup = 84DCD75D1D6BF90A0025B0F1;
			productRefGroup = 84DCD7671D6BF90A0025B0F1 /* Products */;
			projectDirPath = "";
			projectRoot = "";
			targets = (
				84DCD7651D6BF90A0025B0F1 /* WLQStatusBarHUDExample */,
				84DCD77E1D6BF90A0025B0F1 /* WLQStatusBarHUDExampleTests */,
			);
		};
/* End PBXProject section */

/* Begin PBXResourcesBuildPhase section */
		84DCD7641D6BF90A0025B0F1 /* Resources */ = {
			isa = PBXResourcesBuildPhase;
			buildActionMask = 2147483647;
			files = (
				84DCD7951D6BFA240025B0F1 /* WLQStatusBarHUD.bundle in Resources */,
				84DCD7751D6BF90A0025B0F1 /* Main.storyboard in Resources */,
				84DCD77A1D6BF90A0025B0F1 /* LaunchScreen.xib in Resources */,
				84DCD7771D6BF90A0025B0F1 /* Images.xcassets in Resources */,
			);
			runOnlyForDeploymentPostprocessing = 0;
		};
		84DCD77D1D6BF90A0025B0F1 /* Resources */ = {
			isa = PBXResourcesBuildPhase;
			buildActionMask = 2147483647;
			files = (
			);
			runOnlyForDeploymentPostprocessing = 0;
		};
/* End PBXResourcesBuildPhase section */

/* Begin PBXSourcesBuildPhase section */
		84DCD7621D6BF90A0025B0F1 /* Sources */ = {
			isa = PBXSourcesBuildPhase;
			buildActionMask = 2147483647;
			files = (
				84DCD7721D6BF90A0025B0F1 /* ViewController.m in Sources */,
				84DCD76F1D6BF90A0025B0F1 /* AppDelegate.m in Sources */,
				84DCD7961D6BFA240025B0F1 /* WLQStatusBarHUD.m in Sources */,
				84DCD76C1D6BF90A0025B0F1 /* main.m in Sources */,
			);
			runOnlyForDeploymentPostprocessing = 0;
		};
		84DCD77B1D6BF90A0025B0F1 /* Sources */ = {
			isa = PBXSourcesBuildPhase;
			buildActionMask = 2147483647;
			files = (
				84DCD7861D6BF90A0025B0F1 /* WLQStatusBarHUDExampleTests.m in Sources */,
			);
			runOnlyForDeploymentPostprocessing = 0;
		};
/* End PBXSourcesBuildPhase section */

/* Begin PBXTargetDependency section */
		84DCD7811D6BF90A0025B0F1 /* PBXTargetDependency */ = {
			isa = PBXTargetDependency;
			target = 84DCD7651D6BF90A0025B0F1 /* WLQStatusBarHUDExample */;
			targetProxy = 84DCD7801D6BF90A0025B0F1 /* PBXContainerItemProxy */;
		};
/* End PBXTargetDependency section */

/* Begin PBXVariantGroup section */
		84DCD7731D6BF90A0025B0F1 /* Main.storyboard */ = {
			isa = PBXVariantGroup;
			children = (
				84DCD7741D6BF90A0025B0F1 /* Base */,
			);
			name = Main.storyboard;
			sourceTree = "<group>";
		};
		84DCD7781D6BF90A0025B0F1 /* LaunchScreen.xib */ = {
			isa = PBXVariantGroup;
			children = (
				84DCD7791D6BF90A0025B0F1 /* Base */,
			);
			name = LaunchScreen.xib;
			sourceTree = "<group>";
		};
/* End PBXVariantGroup section */

/* Begin XCBuildConfiguration section */
		84DCD7871D6BF90A0025B0F1 /* Debug */ = {
			isa = XCBuildConfiguration;
			buildSettings = {
				ALWAYS_SEARCH_USER_PATHS = NO;
				CLANG_CXX_LANGUAGE_STANDARD = "gnu++0x";
				CLANG_CXX_LIBRARY = "libc++";
				CLANG_ENABLE_MODULES = YES;
				CLANG_ENABLE_OBJC_ARC = YES;
				CLANG_WARN_BOOL_CONVERSION = YES;
				CLANG_WARN_CONSTANT_CONVERSION = YES;
				CLANG_WARN_DIRECT_OBJC_ISA_USAGE = YES_ERROR;
				CLANG_WARN_EMPTY_BODY = YES;
				CLANG_WARN_ENUM_CONVERSION = YES;
				CLANG_WARN_INT_CONVERSION = YES;
				CLANG_WARN_OBJC_ROOT_CLASS = YES_ERROR;
				CLANG_WARN_UNREACHABLE_CODE = YES;
				CLANG_WARN__DUPLICATE_METHOD_MATCH = YES;
				"CODE_SIGN_IDENTITY[sdk=iphoneos*]" = "iPhone Developer";
				COPY_PHASE_STRIP = NO;
				DEBUG_INFORMATION_FORMAT = "dwarf-with-dsym";
				ENABLE_STRICT_OBJC_MSGSEND = YES;
				GCC_C_LANGUAGE_STANDARD = gnu99;
				GCC_DYNAMIC_NO_PIC = NO;
				GCC_NO_COMMON_BLOCKS = YES;
				GCC_OPTIMIZATION_LEVEL = 0;
				GCC_PREPROCESSOR_DEFINITIONS = (
					"DEBUG=1",
					"$(inherited)",
				);
				GCC_SYMBOLS_PRIVATE_EXTERN = NO;
				GCC_WARN_64_TO_32_BIT_CONVERSION = YES;
				GCC_WARN_ABOUT_RETURN_TYPE = YES_ERROR;
				GCC_WARN_UNDECLARED_SELECTOR = YES;
				GCC_WARN_UNINITIALIZED_AUTOS = YES_AGGRESSIVE;
				GCC_WARN_UNUSED_FUNCTION = YES;
				GCC_WARN_UNUSED_VARIABLE = YES;
				IPHONEOS_DEPLOYMENT_TARGET = 8.3;
				MTL_ENABLE_DEBUG_INFO = YES;
				ONLY_ACTIVE_ARCH = YES;
				SDKROOT = iphoneos;
			};
			name = Debug;
		};
		84DCD7881D6BF90A0025B0F1 /* Release */ = {
			isa = XCBuildConfiguration;
			buildSettings = {
				ALWAYS_SEARCH_USER_PATHS = NO;
				CLANG_CXX_LANGUAGE_STANDARD = "gnu++0x";
				CLANG_CXX_LIBRARY = "libc++";
				CLANG_ENABLE_MODULES = YES;
				CLANG_ENABLE_OBJC_ARC = YES;
				CLANG_WARN_BOOL_CONVERSION = YES;
				CLANG_WARN_CONSTANT_CONVERSION = YES;
				CLANG_WARN_DIRECT_OBJC_ISA_USAGE = YES_ERROR;
				CLANG_WARN_EMPTY_BODY = YES;
				CLANG_WARN_ENUM_CONVERSION = YES;
				CLANG_WARN_INT_CONVERSION = YES;
				CLANG_WARN_OBJC_ROOT_CLASS = YES_ERROR;
				CLANG_WARN_UNREACHABLE_CODE = YES;
				CLANG_WARN__DUPLICATE_METHOD_MATCH = YES;
				"CODE_SIGN_IDENTITY[sdk=iphoneos*]" = "iPhone Developer";
				COPY_PHASE_STRIP = NO;
				DEBUG_INFORMATION_FORMAT = "dwarf-with-dsym";
				ENABLE_NS_ASSERTIONS = NO;
				ENABLE_STRICT_OBJC_MSGSEND = YES;
				GCC_C_LANGUAGE_STANDARD = gnu99;
				GCC_NO_COMMON_BLOCKS = YES;
				GCC_WARN_64_TO_32_BIT_CONVERSION = YES;
				GCC_WARN_ABOUT_RETURN_TYPE = YES_ERROR;
				GCC_WARN_UNDECLARED_SELECTOR = YES;
				GCC_WARN_UNINITIALIZED_AUTOS = YES_AGGRESSIVE;
				GCC_WARN_UNUSED_FUNCTION = YES;
				GCC_WARN_UNUSED_VARIABLE = YES;
				IPHONEOS_DEPLOYMENT_TARGET = 8.3;
				MTL_ENABLE_DEBUG_INFO = NO;
				SDKROOT = iphoneos;
				VALIDATE_PRODUCT = YES;
			};
			name = Release;
		};
		84DCD78A1D6BF90A0025B0F1 /* Debug */ = {
			isa = XCBuildConfiguration;
			buildSettings = {
				ASSETCATALOG_COMPILER_APPICON_NAME = AppIcon;
				INFOPLIST_FILE = WLQStatusBarHUDExample/Info.plist;
				LD_RUNPATH_SEARCH_PATHS = "$(inherited) @executable_path/Frameworks";
				PRODUCT_NAME = "$(TARGET_NAME)";
			};
			name = Debug;
		};
		84DCD78B1D6BF90A0025B0F1 /* Release */ = {
			isa = XCBuildConfiguration;
			buildSettings = {
				ASSETCATALOG_COMPILER_APPICON_NAME = AppIcon;
				INFOPLIST_FILE = WLQStatusBarHUDExample/Info.plist;
				LD_RUNPATH_SEARCH_PATHS = "$(inherited) @executable_path/Frameworks";
				PRODUCT_NAME = "$(TARGET_NAME)";
			};
			name = Release;
		};
		84DCD78D1D6BF90A0025B0F1 /* Debug */ = {
			isa = XCBuildConfiguration;
			buildSettings = {
				BUNDLE_LOADER = "$(TEST_HOST)";
				FRAMEWORK_SEARCH_PATHS = (
					"$(SDKROOT)/Developer/Library/Frameworks",
					"$(inherited)",
				);
				GCC_PREPROCESSOR_DEFINITIONS = (
					"DEBUG=1",
					"$(inherited)",
				);
				INFOPLIST_FILE = WLQStatusBarHUDExampleTests/Info.plist;
				LD_RUNPATH_SEARCH_PATHS = "$(inherited) @executable_path/Frameworks @loader_path/Frameworks";
				PRODUCT_NAME = "$(TARGET_NAME)";
				TEST_HOST = "$(BUILT_PRODUCTS_DIR)/WLQStatusBarHUDExample.app/WLQStatusBarHUDExample";
			};
			name = Debug;
		};
		84DCD78E1D6BF90A0025B0F1 /* Release */ = {
			isa = XCBuildConfiguration;
			buildSettings = {
				BUNDLE_LOADER = "$(TEST_HOST)";
				FRAMEWORK_SEARCH_PATHS = (
					"$(SDKROOT)/Developer/Library/Frameworks",
					"$(inherited)",
				);
				INFOPLIST_FILE = WLQStatusBarHUDExampleTests/Info.plist;
				LD_RUNPATH_SEARCH_PATHS = "$(inherited) @executable_path/Frameworks @loader_path/Frameworks";
				PRODUCT_NAME = "$(TARGET_NAME)";
				TEST_HOST = "$(BUILT_PRODUCTS_DIR)/WLQStatusBarHUDExample.app/WLQStatusBarHUDExample";
			};
			name = Release;
		};
/* End XCBuildConfiguration section */

/* Begin XCConfigurationList section */
		84DCD7611D6BF90A0025B0F1 /* Build configuration list for PBXProject "WLQStatusBarHUDExample" */ = {
			isa = XCConfigurationList;
			buildConfigurations = (
				84DCD7871D6BF90A0025B0F1 /* Debug */,
				84DCD7881D6BF90A0025B0F1 /* Release */,
			);
			defaultConfigurationIsVisible = 0;
			defaultConfigurationName = Release;
		};
		84DCD7891D6BF90A0025B0F1 /* Build configuration list for PBXNativeTarget "WLQStatusBarHUDExample" */ = {
			isa = XCConfigurationList;
			buildConfigurations = (
				84DCD78A1D6BF90A0025B0F1 /* Debug */,
				84DCD78B1D6BF90A0025B0F1 /* Release */,
			);
			defaultConfigurationIsVisible = 0;
		};
		84DCD78C1D6BF90A0025B0F1 /* Build configuration list for PBXNativeTarget "WLQStatusBarHUDExampleTests" */ = {
			isa = XCConfigurationList;
			buildConfigurations = (
				84DCD78D1D6BF90A0025B0F1 /* Debug */,
				84DCD78E1D6BF90A0025B0F1 /* Release */,
			);
			defaultConfigurationIsVisible = 0;
		};
/* End XCConfigurationList section */
	};
	rootObject = 84DCD75E1D6BF90A0025B0F1 /* Project object */;
}
